
Microsoft Visual Studio Solution File, Format Version 12.00
# Visual Studio 2013
VisualStudioVersion = 12.0.31101.0
MinimumVisualStudioVersion = 10.0.40219.1
Project("{FAE04EC0-301F-11D3-BF4B-00C04F79EFBC}") = "MechanicalObject.Sandbox.DataSerializer", "MechanicalObject.Sandbox.DataSerializer\MechanicalObject.Sandbox.DataSerializer.csproj", "{982CC546-4F29-4E00-9F08-6F87B77820D3}"
EndProject
Global
	GlobalSection(SolutionConfigurationPlatforms) = preSolution
		Debug|Any CPU = Debug|Any CPU
		Release|Any CPU = Release|Any CPU
	EndGlobalSection
	GlobalSection(ProjectConfigurationPlatforms) = postSolution
		{982CC546-4F29-4E00-9F08-6F87B77820D3}.Debug|Any CPU.ActiveCfg = Debug|Any CPU
		{982CC546-4F29-4E00-9F08-6F87B77820D3}.Debug|Any CPU.Build.0 = Debug|Any CPU
		{982CC546-4F29-4E00-9F08-6F87B77820D3}.Release|Any CPU.ActiveCfg = Release|Any CPU
		{982CC546-4F29-4E00-9F08-6F87B77820D3}.Release|Any CPU.Build.0 = Release|Any CPU
	EndGlobalSection
	GlobalSection(SolutionProperties) = preSolution
		HideSolutionNode = FALSE
	EndGlobalSection
EndGlobal
