
Microsoft Visual Studio Solution File, Format Version 12.00
# Visual Studio 2013
VisualStudioVersion = 12.0.31101.0
MinimumVisualStudioVersion = 10.0.40219.1
Project("{FAE04EC0-301F-11D3-BF4B-00C04F79EFBC}") = "MechanicalObject.Sandbox.TodoWithSQLite", "MechanicalObject.Sandbox.TodoWithSQLite\MechanicalObject.Sandbox.TodoWithSQLite.csproj", "{6096CE39-D8ED-4E98-9373-88E1D051F60F}"
EndProject
Project("{FAE04EC0-301F-11D3-BF4B-00C04F79EFBC}") = "MechanicalObject.Sandbox.TodoWithSQLite.Tests", "MechanicalObject.Sandbox.TodoWithSQLite.Tests\MechanicalObject.Sandbox.TodoWithSQLite.Tests.csproj", "{F33407B5-F61D-4080-95C6-C2C44A78DA49}"
EndProject
Global
	GlobalSection(SolutionConfigurationPlatforms) = preSolution
		Debug|Any CPU = Debug|Any CPU
		Release|Any CPU = Release|Any CPU
	EndGlobalSection
	GlobalSection(ProjectConfigurationPlatforms) = postSolution
		{6096CE39-D8ED-4E98-9373-88E1D051F60F}.Debug|Any CPU.ActiveCfg = Debug|Any CPU
		{6096CE39-D8ED-4E98-9373-88E1D051F60F}.Debug|Any CPU.Build.0 = Debug|Any CPU
		{6096CE39-D8ED-4E98-9373-88E1D051F60F}.Release|Any CPU.ActiveCfg = Release|Any CPU
		{6096CE39-D8ED-4E98-9373-88E1D051F60F}.Release|Any CPU.Build.0 = Release|Any CPU
		{F33407B5-F61D-4080-95C6-C2C44A78DA49}.Debug|Any CPU.ActiveCfg = Debug|Any CPU
		{F33407B5-F61D-4080-95C6-C2C44A78DA49}.Debug|Any CPU.Build.0 = Debug|Any CPU
		{F33407B5-F61D-4080-95C6-C2C44A78DA49}.Release|Any CPU.ActiveCfg = Release|Any CPU
		{F33407B5-F61D-4080-95C6-C2C44A78DA49}.Release|Any CPU.Build.0 = Release|Any CPU
	EndGlobalSection
	GlobalSection(SolutionProperties) = preSolution
		HideSolutionNode = FALSE
	EndGlobalSection
EndGlobal
